
Microsoft Visual Studio Solution File, Format Version 12.00
# Visual Studio 15
VisualStudioVersion = 15.0.28307.1800
MinimumVisualStudioVersion = 10.0.40219.1
Project("{FAE04EC0-301F-11D3-BF4B-00C04F79EFBC}") = "Projeto", "Projeto\Projeto.csproj", "{BA7B090E-4AA9-4692-B579-B82E64DB62B6}"
EndProject
Project("{FAE04EC0-301F-11D3-BF4B-00C04F79EFBC}") = "TesteUnitario", "TesteUnitario\TesteUnitario.csproj", "{651D07A9-A169-433E-9CFB-712CFDF1F4D0}"
EndProject
Global
	GlobalSection(SolutionConfigurationPlatforms) = preSolution
		Debug|Any CPU = Debug|Any CPU
		Release|Any CPU = Release|Any CPU
	EndGlobalSection
	GlobalSection(ProjectConfigurationPlatforms) = postSolution
		{BA7B090E-4AA9-4692-B579-B82E64DB62B6}.Debug|Any CPU.ActiveCfg = Debug|Any CPU
		{BA7B090E-4AA9-4692-B579-B82E64DB62B6}.Debug|Any CPU.Build.0 = Debug|Any CPU
		{BA7B090E-4AA9-4692-B579-B82E64DB62B6}.Release|Any CPU.ActiveCfg = Release|Any CPU
		{BA7B090E-4AA9-4692-B579-B82E64DB62B6}.Release|Any CPU.Build.0 = Release|Any CPU
		{651D07A9-A169-433E-9CFB-712CFDF1F4D0}.Debug|Any CPU.ActiveCfg = Debug|Any CPU
		{651D07A9-A169-433E-9CFB-712CFDF1F4D0}.Debug|Any CPU.Build.0 = Debug|Any CPU
		{651D07A9-A169-433E-9CFB-712CFDF1F4D0}.Release|Any CPU.ActiveCfg = Release|Any CPU
		{651D07A9-A169-433E-9CFB-712CFDF1F4D0}.Release|Any CPU.Build.0 = Release|Any CPU
	EndGlobalSection
	GlobalSection(SolutionProperties) = preSolution
		HideSolutionNode = FALSE
	EndGlobalSection
	GlobalSection(ExtensibilityGlobals) = postSolution
		SolutionGuid = {A69ACAAE-EAAC-4926-A52F-AF085FE0D0C3}
	EndGlobalSection
EndGlobal
